// !$*UTF8*$!
{
	archiveVersion = 1;
	classes = {
	};
	objectVersion = 55;
	objects = {

/* Begin PBXBuildFile section */
		4869A051BF3C3BB2081F8650 /* Pods_TwitterSampleAppTests.framework in Frameworks */ = {isa = PBXBuildFile; fileRef = 878659C7A44BEF4C30C0EEBD /* Pods_TwitterSampleAppTests.framework */; };
		5BE73AB9A007F77FEDF6C019 /* Pods_TwitterSampleApp_TwitterSampleAppUITests.framework in Frameworks */ = {isa = PBXBuildFile; fileRef = 55A57B374EE3976E134A7A77 /* Pods_TwitterSampleApp_TwitterSampleAppUITests.framework */; };
		70AA7E6195A5AE941075A1AA /* Pods_TwitterSampleApp.framework in Frameworks */ = {isa = PBXBuildFile; fileRef = CBB9E0DA668DCC76125605A7 /* Pods_TwitterSampleApp.framework */; };
		B56C4F9C289BEEC6006344A9 /* AppDelegate.swift in Sources */ = {isa = PBXBuildFile; fileRef = B56C4F9B289BEEC6006344A9 /* AppDelegate.swift */; };
		B56C4F9E289BEEC6006344A9 /* SceneDelegate.swift in Sources */ = {isa = PBXBuildFile; fileRef = B56C4F9D289BEEC6006344A9 /* SceneDelegate.swift */; };
		B56C4FA3289BEEC6006344A9 /* Main.storyboard in Resources */ = {isa = PBXBuildFile; fileRef = B56C4FA1289BEEC6006344A9 /* Main.storyboard */; };
		B56C4FA5289BEEC8006344A9 /* Assets.xcassets in Resources */ = {isa = PBXBuildFile; fileRef = B56C4FA4289BEEC8006344A9 /* Assets.xcassets */; };
		B56C4FA8289BEEC8006344A9 /* LaunchScreen.storyboard in Resources */ = {isa = PBXBuildFile; fileRef = B56C4FA6289BEEC8006344A9 /* LaunchScreen.storyboard */; };
		B56C4FB3289BEEC8006344A9 /* TwitterSampleAppTests.swift in Sources */ = {isa = PBXBuildFile; fileRef = B56C4FB2289BEEC8006344A9 /* TwitterSampleAppTests.swift */; };
		B56C4FBD289BEEC8006344A9 /* TwitterSampleAppUITests.swift in Sources */ = {isa = PBXBuildFile; fileRef = B56C4FBC289BEEC8006344A9 /* TwitterSampleAppUITests.swift */; };
		B56C4FBF289BEEC8006344A9 /* TwitterSampleAppUITestsLaunchTests.swift in Sources */ = {isa = PBXBuildFile; fileRef = B56C4FBE289BEEC8006344A9 /* TwitterSampleAppUITestsLaunchTests.swift */; };
		B56C4FCC289BEF0A006344A9 /* HomeViewController.swift in Sources */ = {isa = PBXBuildFile; fileRef = B56C4FCB289BEF0A006344A9 /* HomeViewController.swift */; };
		B56C4FCE289BEF1F006344A9 /* NewPostController.swift in Sources */ = {isa = PBXBuildFile; fileRef = B56C4FCD289BEF1F006344A9 /* NewPostController.swift */; };
		B56C4FD0289BEF48006344A9 /* DetailViewController.swift in Sources */ = {isa = PBXBuildFile; fileRef = B56C4FCF289BEF48006344A9 /* DetailViewController.swift */; };
		B56C4FD6289BEFE4006344A9 /* MessageDataModel.swift in Sources */ = {isa = PBXBuildFile; fileRef = B56C4FD5289BEFE4006344A9 /* MessageDataModel.swift */; };
		B56C4FD8289BFD91006344A9 /* NewPostViewController.storyboard in Resources */ = {isa = PBXBuildFile; fileRef = B56C4FD7289BFD91006344A9 /* NewPostViewController.storyboard */; };
		B56C4FDB289C9C2C006344A9 /* CustomTableViewCell.swift in Sources */ = {isa = PBXBuildFile; fileRef = B56C4FD9289C9C2C006344A9 /* CustomTableViewCell.swift */; };
		B56C4FDC289C9C2C006344A9 /* CustomTableViewCell.xib in Resources */ = {isa = PBXBuildFile; fileRef = B56C4FDA289C9C2C006344A9 /* CustomTableViewCell.xib */; };
/* End PBXBuildFile section */

/* Begin PBXContainerItemProxy section */
		B56C4FAF289BEEC8006344A9 /* PBXContainerItemProxy */ = {
			isa = PBXContainerItemProxy;
			containerPortal = B56C4F90289BEEC6006344A9 /* Project object */;
			proxyType = 1;
			remoteGlobalIDString = B56C4F97289BEEC6006344A9;
			remoteInfo = TwitterSampleApp;
		};
		B56C4FB9289BEEC8006344A9 /* PBXContainerItemProxy */ = {
			isa = PBXContainerItemProxy;
			containerPortal = B56C4F90289BEEC6006344A9 /* Project object */;
			proxyType = 1;
			remoteGlobalIDString = B56C4F97289BEEC6006344A9;
			remoteInfo = TwitterSampleApp;
		};
/* End PBXContainerItemProxy section */

/* Begin PBXFileReference section */
		55A57B374EE3976E134A7A77 /* Pods_TwitterSampleApp_TwitterSampleAppUITests.framework */ = {isa = PBXFileReference; explicitFileType = wrapper.framework; includeInIndex = 0; path = Pods_TwitterSampleApp_TwitterSampleAppUITests.framework; sourceTree = BUILT_PRODUCTS_DIR; };
		6A15191985C72BB1C956DDA8 /* Pods-TwitterSampleApp-TwitterSampleAppUITests.release.xcconfig */ = {isa = PBXFileReference; includeInIndex = 1; lastKnownFileType = text.xcconfig; name = "Pods-TwitterSampleApp-TwitterSampleAppUITests.release.xcconfig"; path = "Target Support Files/Pods-TwitterSampleApp-TwitterSampleAppUITests/Pods-TwitterSampleApp-TwitterSampleAppUITests.release.xcconfig"; sourceTree = "<group>"; };
		84361036699D4F95B1575452 /* Pods-TwitterSampleApp.debug.xcconfig */ = {isa = PBXFileReference; includeInIndex = 1; lastKnownFileType = text.xcconfig; name = "Pods-TwitterSampleApp.debug.xcconfig"; path = "Target Support Files/Pods-TwitterSampleApp/Pods-TwitterSampleApp.debug.xcconfig"; sourceTree = "<group>"; };
		878659C7A44BEF4C30C0EEBD /* Pods_TwitterSampleAppTests.framework */ = {isa = PBXFileReference; explicitFileType = wrapper.framework; includeInIndex = 0; path = Pods_TwitterSampleAppTests.framework; sourceTree = BUILT_PRODUCTS_DIR; };
		B56C4F98289BEEC6006344A9 /* TwitterSampleApp.app */ = {isa = PBXFileReference; explicitFileType = wrapper.application; includeInIndex = 0; path = TwitterSampleApp.app; sourceTree = BUILT_PRODUCTS_DIR; };
		B56C4F9B289BEEC6006344A9 /* AppDelegate.swift */ = {isa = PBXFileReference; lastKnownFileType = sourcecode.swift; path = AppDelegate.swift; sourceTree = "<group>"; };
		B56C4F9D289BEEC6006344A9 /* SceneDelegate.swift */ = {isa = PBXFileReference; lastKnownFileType = sourcecode.swift; path = SceneDelegate.swift; sourceTree = "<group>"; };
		B56C4FA2289BEEC6006344A9 /* Base */ = {isa = PBXFileReference; lastKnownFileType = file.storyboard; name = Base; path = Base.lproj/Main.storyboard; sourceTree = "<group>"; };
		B56C4FA4289BEEC8006344A9 /* Assets.xcassets */ = {isa = PBXFileReference; lastKnownFileType = folder.assetcatalog; path = Assets.xcassets; sourceTree = "<group>"; };
		B56C4FA7289BEEC8006344A9 /* Base */ = {isa = PBXFileReference; lastKnownFileType = file.storyboard; name = Base; path = Base.lproj/LaunchScreen.storyboard; sourceTree = "<group>"; };
		B56C4FA9289BEEC8006344A9 /* Info.plist */ = {isa = PBXFileReference; lastKnownFileType = text.plist.xml; path = Info.plist; sourceTree = "<group>"; };
		B56C4FAE289BEEC8006344A9 /* TwitterSampleAppTests.xctest */ = {isa = PBXFileReference; explicitFileType = wrapper.cfbundle; includeInIndex = 0; path = TwitterSampleAppTests.xctest; sourceTree = BUILT_PRODUCTS_DIR; };
		B56C4FB2289BEEC8006344A9 /* TwitterSampleAppTests.swift */ = {isa = PBXFileReference; lastKnownFileType = sourcecode.swift; path = TwitterSampleAppTests.swift; sourceTree = "<group>"; };
		B56C4FB8289BEEC8006344A9 /* TwitterSampleAppUITests.xctest */ = {isa = PBXFileReference; explicitFileType = wrapper.cfbundle; includeInIndex = 0; path = TwitterSampleAppUITests.xctest; sourceTree = BUILT_PRODUCTS_DIR; };
		B56C4FBC289BEEC8006344A9 /* TwitterSampleAppUITests.swift */ = {isa = PBXFileReference; lastKnownFileType = sourcecode.swift; path = TwitterSampleAppUITests.swift; sourceTree = "<group>"; };
		B56C4FBE289BEEC8006344A9 /* TwitterSampleAppUITestsLaunchTests.swift */ = {isa = PBXFileReference; lastKnownFileType = sourcecode.swift; path = TwitterSampleAppUITestsLaunchTests.swift; sourceTree = "<group>"; };
		B56C4FCB289BEF0A006344A9 /* HomeViewController.swift */ = {isa = PBXFileReference; lastKnownFileType = sourcecode.swift; path = HomeViewController.swift; sourceTree = "<group>"; };
		B56C4FCD289BEF1F006344A9 /* NewPostController.swift */ = {isa = PBXFileReference; lastKnownFileType = sourcecode.swift; path = NewPostController.swift; sourceTree = "<group>"; };
		B56C4FCF289BEF48006344A9 /* DetailViewController.swift */ = {isa = PBXFileReference; lastKnownFileType = sourcecode.swift; path = DetailViewController.swift; sourceTree = "<group>"; };
		B56C4FD5289BEFE4006344A9 /* MessageDataModel.swift */ = {isa = PBXFileReference; lastKnownFileType = sourcecode.swift; path = MessageDataModel.swift; sourceTree = "<group>"; };
		B56C4FD7289BFD91006344A9 /* NewPostViewController.storyboard */ = {isa = PBXFileReference; lastKnownFileType = file.storyboard; path = NewPostViewController.storyboard; sourceTree = "<group>"; };
		B56C4FD9289C9C2C006344A9 /* CustomTableViewCell.swift */ = {isa = PBXFileReference; lastKnownFileType = sourcecode.swift; path = CustomTableViewCell.swift; sourceTree = "<group>"; };
		B56C4FDA289C9C2C006344A9 /* CustomTableViewCell.xib */ = {isa = PBXFileReference; lastKnownFileType = file.xib; path = CustomTableViewCell.xib; sourceTree = "<group>"; };
		C591801F7E1E9B11F50D7A48 /* Pods-TwitterSampleApp-TwitterSampleAppUITests.debug.xcconfig */ = {isa = PBXFileReference; includeInIndex = 1; lastKnownFileType = text.xcconfig; name = "Pods-TwitterSampleApp-TwitterSampleAppUITests.debug.xcconfig"; path = "Target Support Files/Pods-TwitterSampleApp-TwitterSampleAppUITests/Pods-TwitterSampleApp-TwitterSampleAppUITests.debug.xcconfig"; sourceTree = "<group>"; };
		CBB9E0DA668DCC76125605A7 /* Pods_TwitterSampleApp.framework */ = {isa = PBXFileReference; explicitFileType = wrapper.framework; includeInIndex = 0; path = Pods_TwitterSampleApp.framework; sourceTree = BUILT_PRODUCTS_DIR; };
		D4E4A5D97BA5BCCAF69ED481 /* Pods-TwitterSampleAppTests.release.xcconfig */ = {isa = PBXFileReference; includeInIndex = 1; lastKnownFileType = text.xcconfig; name = "Pods-TwitterSampleAppTests.release.xcconfig"; path = "Target Support Files/Pods-TwitterSampleAppTests/Pods-TwitterSampleAppTests.release.xcconfig"; sourceTree = "<group>"; };
		FC0CF5F8705E14ED8ECDF8F2 /* Pods-TwitterSampleApp.release.xcconfig */ = {isa = PBXFileReference; includeInIndex = 1; lastKnownFileType = text.xcconfig; name = "Pods-TwitterSampleApp.release.xcconfig"; path = "Target Support Files/Pods-TwitterSampleApp/Pods-TwitterSampleApp.release.xcconfig"; sourceTree = "<group>"; };
		FCB07A7AD77B30FC665806D1 /* Pods-TwitterSampleAppTests.debug.xcconfig */ = {isa = PBXFileReference; includeInIndex = 1; lastKnownFileType = text.xcconfig; name = "Pods-TwitterSampleAppTests.debug.xcconfig"; path = "Target Support Files/Pods-TwitterSampleAppTests/Pods-TwitterSampleAppTests.debug.xcconfig"; sourceTree = "<group>"; };
/* End PBXFileReference section */

/* Begin PBXFrameworksBuildPhase section */
		B56C4F95289BEEC6006344A9 /* Frameworks */ = {
			isa = PBXFrameworksBuildPhase;
			buildActionMask = 2147483647;
			files = (
				70AA7E6195A5AE941075A1AA /* Pods_TwitterSampleApp.framework in Frameworks */,
			);
			runOnlyForDeploymentPostprocessing = 0;
		};
		B56C4FAB289BEEC8006344A9 /* Frameworks */ = {
			isa = PBXFrameworksBuildPhase;
			buildActionMask = 2147483647;
			files = (
				4869A051BF3C3BB2081F8650 /* Pods_TwitterSampleAppTests.framework in Frameworks */,
			);
			runOnlyForDeploymentPostprocessing = 0;
		};
		B56C4FB5289BEEC8006344A9 /* Frameworks */ = {
			isa = PBXFrameworksBuildPhase;
			buildActionMask = 2147483647;
			files = (
				5BE73AB9A007F77FEDF6C019 /* Pods_TwitterSampleApp_TwitterSampleAppUITests.framework in Frameworks */,
			);
			runOnlyForDeploymentPostprocessing = 0;
		};
/* End PBXFrameworksBuildPhase section */

/* Begin PBXGroup section */
		23088F73E6F61929D1BFA896 /* Pods */ = {
			isa = PBXGroup;
			children = (
				84361036699D4F95B1575452 /* Pods-TwitterSampleApp.debug.xcconfig */,
				FC0CF5F8705E14ED8ECDF8F2 /* Pods-TwitterSampleApp.release.xcconfig */,
				C591801F7E1E9B11F50D7A48 /* Pods-TwitterSampleApp-TwitterSampleAppUITests.debug.xcconfig */,
				6A15191985C72BB1C956DDA8 /* Pods-TwitterSampleApp-TwitterSampleAppUITests.release.xcconfig */,
				FCB07A7AD77B30FC665806D1 /* Pods-TwitterSampleAppTests.debug.xcconfig */,
				D4E4A5D97BA5BCCAF69ED481 /* Pods-TwitterSampleAppTests.release.xcconfig */,
			);
			name = Pods;
			path = Pods;
			sourceTree = "<group>";
		};
		A40D4550AE918EC2E821459C /* Frameworks */ = {
			isa = PBXGroup;
			children = (
				CBB9E0DA668DCC76125605A7 /* Pods_TwitterSampleApp.framework */,
				55A57B374EE3976E134A7A77 /* Pods_TwitterSampleApp_TwitterSampleAppUITests.framework */,
				878659C7A44BEF4C30C0EEBD /* Pods_TwitterSampleAppTests.framework */,
			);
			name = Frameworks;
			sourceTree = "<group>";
		};
		B56C4F8F289BEEC6006344A9 = {
			isa = PBXGroup;
			children = (
				B56C4F9A289BEEC6006344A9 /* TwitterSampleApp */,
				B56C4FB1289BEEC8006344A9 /* TwitterSampleAppTests */,
				B56C4FBB289BEEC8006344A9 /* TwitterSampleAppUITests */,
				B56C4F99289BEEC6006344A9 /* Products */,
				23088F73E6F61929D1BFA896 /* Pods */,
				A40D4550AE918EC2E821459C /* Frameworks */,
			);
			sourceTree = "<group>";
		};
		B56C4F99289BEEC6006344A9 /* Products */ = {
			isa = PBXGroup;
			children = (
				B56C4F98289BEEC6006344A9 /* TwitterSampleApp.app */,
				B56C4FAE289BEEC8006344A9 /* TwitterSampleAppTests.xctest */,
				B56C4FB8289BEEC8006344A9 /* TwitterSampleAppUITests.xctest */,
			);
			name = Products;
			sourceTree = "<group>";
		};
		B56C4F9A289BEEC6006344A9 /* TwitterSampleApp */ = {
			isa = PBXGroup;
			children = (
				B56C4FD2289BEF5D006344A9 /* Delegate */,
				B56C4FD1289BEF4E006344A9 /* Controller */,
				B56C4FD4289BEF83006344A9 /* View */,
				B56C4FD3289BEF6C006344A9 /* Model */,
				B56C4FA4289BEEC8006344A9 /* Assets.xcassets */,
				B56C4FA9289BEEC8006344A9 /* Info.plist */,
				B56C4FD9289C9C2C006344A9 /* CustomTableViewCell.swift */,
				B56C4FDA289C9C2C006344A9 /* CustomTableViewCell.xib */,
			);
			path = TwitterSampleApp;
			sourceTree = "<group>";
		};
		B56C4FB1289BEEC8006344A9 /* TwitterSampleAppTests */ = {
			isa = PBXGroup;
			children = (
				B56C4FB2289BEEC8006344A9 /* TwitterSampleAppTests.swift */,
			);
			path = TwitterSampleAppTests;
			sourceTree = "<group>";
		};
		B56C4FBB289BEEC8006344A9 /* TwitterSampleAppUITests */ = {
			isa = PBXGroup;
			children = (
				B56C4FBC289BEEC8006344A9 /* TwitterSampleAppUITests.swift */,
				B56C4FBE289BEEC8006344A9 /* TwitterSampleAppUITestsLaunchTests.swift */,
			);
			path = TwitterSampleAppUITests;
			sourceTree = "<group>";
		};
		B56C4FD1289BEF4E006344A9 /* Controller */ = {
			isa = PBXGroup;
			children = (
				B56C4FCB289BEF0A006344A9 /* HomeViewController.swift */,
				B56C4FCD289BEF1F006344A9 /* NewPostController.swift */,
				B56C4FCF289BEF48006344A9 /* DetailViewController.swift */,
			);
			path = Controller;
			sourceTree = "<group>";
		};
		B56C4FD2289BEF5D006344A9 /* Delegate */ = {
			isa = PBXGroup;
			children = (
				B56C4F9D289BEEC6006344A9 /* SceneDelegate.swift */,
				B56C4F9B289BEEC6006344A9 /* AppDelegate.swift */,
			);
			path = Delegate;
			sourceTree = "<group>";
		};
		B56C4FD3289BEF6C006344A9 /* Model */ = {
			isa = PBXGroup;
			children = (
				B56C4FD5289BEFE4006344A9 /* MessageDataModel.swift */,
			);
			path = Model;
			sourceTree = "<group>";
		};
		B56C4FD4289BEF83006344A9 /* View */ = {
			isa = PBXGroup;
			children = (
				B56C4FA1289BEEC6006344A9 /* Main.storyboard */,
				B56C4FD7289BFD91006344A9 /* NewPostViewController.storyboard */,
				B56C4FA6289BEEC8006344A9 /* LaunchScreen.storyboard */,
			);
			path = View;
			sourceTree = "<group>";
		};
/* End PBXGroup section */

/* Begin PBXNativeTarget section */
		B56C4F97289BEEC6006344A9 /* TwitterSampleApp */ = {
			isa = PBXNativeTarget;
			buildConfigurationList = B56C4FC2289BEEC8006344A9 /* Build configuration list for PBXNativeTarget "TwitterSampleApp" */;
			buildPhases = (
				2B616AE5D6F9FA459FE2E2D2 /* [CP] Check Pods Manifest.lock */,
				B56C4F94289BEEC6006344A9 /* Sources */,
				B56C4F95289BEEC6006344A9 /* Frameworks */,
				B56C4F96289BEEC6006344A9 /* Resources */,
				BE016DF02DB7566FF7C408DB /* [CP] Embed Pods Frameworks */,
			);
			buildRules = (
			);
			dependencies = (
			);
			name = TwitterSampleApp;
			productName = TwitterSampleApp;
			productReference = B56C4F98289BEEC6006344A9 /* TwitterSampleApp.app */;
			productType = "com.apple.product-type.application";
		};
		B56C4FAD289BEEC8006344A9 /* TwitterSampleAppTests */ = {
			isa = PBXNativeTarget;
			buildConfigurationList = B56C4FC5289BEEC8006344A9 /* Build configuration list for PBXNativeTarget "TwitterSampleAppTests" */;
			buildPhases = (
				BAC7E7C3F898AC8EAC675988 /* [CP] Check Pods Manifest.lock */,
				B56C4FAA289BEEC8006344A9 /* Sources */,
				B56C4FAB289BEEC8006344A9 /* Frameworks */,
				B56C4FAC289BEEC8006344A9 /* Resources */,
			);
			buildRules = (
			);
			dependencies = (
				B56C4FB0289BEEC8006344A9 /* PBXTargetDependency */,
			);
			name = TwitterSampleAppTests;
			productName = TwitterSampleAppTests;
			productReference = B56C4FAE289BEEC8006344A9 /* TwitterSampleAppTests.xctest */;
			productType = "com.apple.product-type.bundle.unit-test";
		};
		B56C4FB7289BEEC8006344A9 /* TwitterSampleAppUITests */ = {
			isa = PBXNativeTarget;
			buildConfigurationList = B56C4FC8289BEEC8006344A9 /* Build configuration list for PBXNativeTarget "TwitterSampleAppUITests" */;
			buildPhases = (
				AF3917D5EB1029250B4E751C /* [CP] Check Pods Manifest.lock */,
				B56C4FB4289BEEC8006344A9 /* Sources */,
				B56C4FB5289BEEC8006344A9 /* Frameworks */,
				B56C4FB6289BEEC8006344A9 /* Resources */,
				206F641796803B1D8E10C41C /* [CP] Embed Pods Frameworks */,
			);
			buildRules = (
			);
			dependencies = (
				B56C4FBA289BEEC8006344A9 /* PBXTargetDependency */,
			);
			name = TwitterSampleAppUITests;
			productName = TwitterSampleAppUITests;
			productReference = B56C4FB8289BEEC8006344A9 /* TwitterSampleAppUITests.xctest */;
			productType = "com.apple.product-type.bundle.ui-testing";
		};
/* End PBXNativeTarget section */

/* Begin PBXProject section */
		B56C4F90289BEEC6006344A9 /* Project object */ = {
			isa = PBXProject;
			attributes = {
				BuildIndependentTargetsInParallel = 1;
				LastSwiftUpdateCheck = 1340;
				LastUpgradeCheck = 1340;
				TargetAttributes = {
					B56C4F97289BEEC6006344A9 = {
						CreatedOnToolsVersion = 13.4.1;
					};
					B56C4FAD289BEEC8006344A9 = {
						CreatedOnToolsVersion = 13.4.1;
						TestTargetID = B56C4F97289BEEC6006344A9;
					};
					B56C4FB7289BEEC8006344A9 = {
						CreatedOnToolsVersion = 13.4.1;
						TestTargetID = B56C4F97289BEEC6006344A9;
					};
				};
			};
			buildConfigurationList = B56C4F93289BEEC6006344A9 /* Build configuration list for PBXProject "TwitterSampleApp" */;
			compatibilityVersion = "Xcode 13.0";
			developmentRegion = en;
			hasScannedForEncodings = 0;
			knownRegions = (
				en,
				Base,
			);
			mainGroup = B56C4F8F289BEEC6006344A9;
			productRefGroup = B56C4F99289BEEC6006344A9 /* Products */;
			projectDirPath = "";
			projectRoot = "";
			targets = (
				B56C4F97289BEEC6006344A9 /* TwitterSampleApp */,
				B56C4FAD289BEEC8006344A9 /* TwitterSampleAppTests */,
				B56C4FB7289BEEC8006344A9 /* TwitterSampleAppUITests */,
			);
		};
/* End PBXProject section */

/* Begin PBXResourcesBuildPhase section */
		B56C4F96289BEEC6006344A9 /* Resources */ = {
			isa = PBXResourcesBuildPhase;
			buildActionMask = 2147483647;
			files = (
				B56C4FD8289BFD91006344A9 /* NewPostViewController.storyboard in Resources */,
				B56C4FA8289BEEC8006344A9 /* LaunchScreen.storyboard in Resources */,
				B56C4FA5289BEEC8006344A9 /* Assets.xcassets in Resources */,
				B56C4FA3289BEEC6006344A9 /* Main.storyboard in Resources */,
				B56C4FDC289C9C2C006344A9 /* CustomTableViewCell.xib in Resources */,
			);
			runOnlyForDeploymentPostprocessing = 0;
		};
		B56C4FAC289BEEC8006344A9 /* Resources */ = {
			isa = PBXResourcesBuildPhase;
			buildActionMask = 2147483647;
			files = (
			);
			runOnlyForDeploymentPostprocessing = 0;
		};
		B56C4FB6289BEEC8006344A9 /* Resources */ = {
			isa = PBXResourcesBuildPhase;
			buildActionMask = 2147483647;
			files = (
			);
			runOnlyForDeploymentPostprocessing = 0;
		};
/* End PBXResourcesBuildPhase section */

/* Begin PBXShellScriptBuildPhase section */
		206F641796803B1D8E10C41C /* [CP] Embed Pods Frameworks */ = {
			isa = PBXShellScriptBuildPhase;
			buildActionMask = 2147483647;
			files = (
			);
			inputFileListPaths = (
				"${PODS_ROOT}/Target Support Files/Pods-TwitterSampleApp-TwitterSampleAppUITests/Pods-TwitterSampleApp-TwitterSampleAppUITests-frameworks-${CONFIGURATION}-input-files.xcfilelist",
			);
			name = "[CP] Embed Pods Frameworks";
			outputFileListPaths = (
				"${PODS_ROOT}/Target Support Files/Pods-TwitterSampleApp-TwitterSampleAppUITests/Pods-TwitterSampleApp-TwitterSampleAppUITests-frameworks-${CONFIGURATION}-output-files.xcfilelist",
			);
			runOnlyForDeploymentPostprocessing = 0;
			shellPath = /bin/sh;
			shellScript = "\"${PODS_ROOT}/Target Support Files/Pods-TwitterSampleApp-TwitterSampleAppUITests/Pods-TwitterSampleApp-TwitterSampleAppUITests-frameworks.sh\"\n";
			showEnvVarsInLog = 0;
		};
		2B616AE5D6F9FA459FE2E2D2 /* [CP] Check Pods Manifest.lock */ = {
			isa = PBXShellScriptBuildPhase;
			buildActionMask = 2147483647;
			files = (
			);
			inputFileListPaths = (
			);
			inputPaths = (
				"${PODS_PODFILE_DIR_PATH}/Podfile.lock",
				"${PODS_ROOT}/Manifest.lock",
			);
			name = "[CP] Check Pods Manifest.lock";
			outputFileListPaths = (
			);
			outputPaths = (
				"$(DERIVED_FILE_DIR)/Pods-TwitterSampleApp-checkManifestLockResult.txt",
			);
			runOnlyForDeploymentPostprocessing = 0;
			shellPath = /bin/sh;
			shellScript = "diff \"${PODS_PODFILE_DIR_PATH}/Podfile.lock\" \"${PODS_ROOT}/Manifest.lock\" > /dev/null\nif [ $? != 0 ] ; then\n    # print error to STDERR\n    echo \"error: The sandbox is not in sync with the Podfile.lock. Run 'pod install' or update your CocoaPods installation.\" >&2\n    exit 1\nfi\n# This output is used by Xcode 'outputs' to avoid re-running this script phase.\necho \"SUCCESS\" > \"${SCRIPT_OUTPUT_FILE_0}\"\n";
			showEnvVarsInLog = 0;
		};
		AF3917D5EB1029250B4E751C /* [CP] Check Pods Manifest.lock */ = {
			isa = PBXShellScriptBuildPhase;
			buildActionMask = 2147483647;
			files = (
			);
			inputFileListPaths = (
			);
			inputPaths = (
				"${PODS_PODFILE_DIR_PATH}/Podfile.lock",
				"${PODS_ROOT}/Manifest.lock",
			);
			name = "[CP] Check Pods Manifest.lock";
			outputFileListPaths = (
			);
			outputPaths = (
				"$(DERIVED_FILE_DIR)/Pods-TwitterSampleApp-TwitterSampleAppUITests-checkManifestLockResult.txt",
			);
			runOnlyForDeploymentPostprocessing = 0;
			shellPath = /bin/sh;
			shellScript = "diff \"${PODS_PODFILE_DIR_PATH}/Podfile.lock\" \"${PODS_ROOT}/Manifest.lock\" > /dev/null\nif [ $? != 0 ] ; then\n    # print error to STDERR\n    echo \"error: The sandbox is not in sync with the Podfile.lock. Run 'pod install' or update your CocoaPods installation.\" >&2\n    exit 1\nfi\n# This output is used by Xcode 'outputs' to avoid re-running this script phase.\necho \"SUCCESS\" > \"${SCRIPT_OUTPUT_FILE_0}\"\n";
			showEnvVarsInLog = 0;
		};
		BAC7E7C3F898AC8EAC675988 /* [CP] Check Pods Manifest.lock */ = {
			isa = PBXShellScriptBuildPhase;
			buildActionMask = 2147483647;
			files = (
			);
			inputFileListPaths = (
			);
			inputPaths = (
				"${PODS_PODFILE_DIR_PATH}/Podfile.lock",
				"${PODS_ROOT}/Manifest.lock",
			);
			name = "[CP] Check Pods Manifest.lock";
			outputFileListPaths = (
			);
			outputPaths = (
				"$(DERIVED_FILE_DIR)/Pods-TwitterSampleAppTests-checkManifestLockResult.txt",
			);
			runOnlyForDeploymentPostprocessing = 0;
			shellPath = /bin/sh;
			shellScript = "diff \"${PODS_PODFILE_DIR_PATH}/Podfile.lock\" \"${PODS_ROOT}/Manifest.lock\" > /dev/null\nif [ $? != 0 ] ; then\n    # print error to STDERR\n    echo \"error: The sandbox is not in sync with the Podfile.lock. Run 'pod install' or update your CocoaPods installation.\" >&2\n    exit 1\nfi\n# This output is used by Xcode 'outputs' to avoid re-running this script phase.\necho \"SUCCESS\" > \"${SCRIPT_OUTPUT_FILE_0}\"\n";
			showEnvVarsInLog = 0;
		};
		BE016DF02DB7566FF7C408DB /* [CP] Embed Pods Frameworks */ = {
			isa = PBXShellScriptBuildPhase;
			buildActionMask = 2147483647;
			files = (
			);
			inputFileListPaths = (
				"${PODS_ROOT}/Target Support Files/Pods-TwitterSampleApp/Pods-TwitterSampleApp-frameworks-${CONFIGURATION}-input-files.xcfilelist",
			);
			name = "[CP] Embed Pods Frameworks";
			outputFileListPaths = (
				"${PODS_ROOT}/Target Support Files/Pods-TwitterSampleApp/Pods-TwitterSampleApp-frameworks-${CONFIGURATION}-output-files.xcfilelist",
			);
			runOnlyForDeploymentPostprocessing = 0;
			shellPath = /bin/sh;
			shellScript = "\"${PODS_ROOT}/Target Support Files/Pods-TwitterSampleApp/Pods-TwitterSampleApp-frameworks.sh\"\n";
			showEnvVarsInLog = 0;
		};
/* End PBXShellScriptBuildPhase section */

/* Begin PBXSourcesBuildPhase section */
		B56C4F94289BEEC6006344A9 /* Sources */ = {
			isa = PBXSourcesBuildPhase;
			buildActionMask = 2147483647;
			files = (
				B56C4FD0289BEF48006344A9 /* DetailViewController.swift in Sources */,
				B56C4F9C289BEEC6006344A9 /* AppDelegate.swift in Sources */,
				B56C4F9E289BEEC6006344A9 /* SceneDelegate.swift in Sources */,
				B56C4FCE289BEF1F006344A9 /* NewPostController.swift in Sources */,
				B56C4FDB289C9C2C006344A9 /* CustomTableViewCell.swift in Sources */,
				B56C4FCC289BEF0A006344A9 /* HomeViewController.swift in Sources */,
				B56C4FD6289BEFE4006344A9 /* MessageDataModel.swift in Sources */,
			);
			runOnlyForDeploymentPostprocessing = 0;
		};
		B56C4FAA289BEEC8006344A9 /* Sources */ = {
			isa = PBXSourcesBuildPhase;
			buildActionMask = 2147483647;
			files = (
				B56C4FB3289BEEC8006344A9 /* TwitterSampleAppTests.swift in Sources */,
			);
			runOnlyForDeploymentPostprocessing = 0;
		};
		B56C4FB4289BEEC8006344A9 /* Sources */ = {
			isa = PBXSourcesBuildPhase;
			buildActionMask = 2147483647;
			files = (
				B56C4FBF289BEEC8006344A9 /* TwitterSampleAppUITestsLaunchTests.swift in Sources */,
				B56C4FBD289BEEC8006344A9 /* TwitterSampleAppUITests.swift in Sources */,
			);
			runOnlyForDeploymentPostprocessing = 0;
		};
/* End PBXSourcesBuildPhase section */

/* Begin PBXTargetDependency section */
		B56C4FB0289BEEC8006344A9 /* PBXTargetDependency */ = {
			isa = PBXTargetDependency;
			target = B56C4F97289BEEC6006344A9 /* TwitterSampleApp */;
			targetProxy = B56C4FAF289BEEC8006344A9 /* PBXContainerItemProxy */;
		};
		B56C4FBA289BEEC8006344A9 /* PBXTargetDependency */ = {
			isa = PBXTargetDependency;
			target = B56C4F97289BEEC6006344A9 /* TwitterSampleApp */;
			targetProxy = B56C4FB9289BEEC8006344A9 /* PBXContainerItemProxy */;
		};
/* End PBXTargetDependency section */

/* Begin PBXVariantGroup section */
		B56C4FA1289BEEC6006344A9 /* Main.storyboard */ = {
			isa = PBXVariantGroup;
			children = (
				B56C4FA2289BEEC6006344A9 /* Base */,
			);
			name = Main.storyboard;
			sourceTree = "<group>";
		};
		B56C4FA6289BEEC8006344A9 /* LaunchScreen.storyboard */ = {
			isa = PBXVariantGroup;
			children = (
				B56C4FA7289BEEC8006344A9 /* Base */,
			);
			name = LaunchScreen.storyboard;
			sourceTree = "<group>";
		};
/* End PBXVariantGroup section */

/* Begin XCBuildConfiguration section */
		B56C4FC0289BEEC8006344A9 /* Debug */ = {
			isa = XCBuildConfiguration;
			buildSettings = {
				ALWAYS_SEARCH_USER_PATHS = NO;
				CLANG_ANALYZER_NONNULL = YES;
				CLANG_ANALYZER_NUMBER_OBJECT_CONVERSION = YES_AGGRESSIVE;
				CLANG_CXX_LANGUAGE_STANDARD = "gnu++17";
				CLANG_ENABLE_MODULES = YES;
				CLANG_ENABLE_OBJC_ARC = YES;
				CLANG_ENABLE_OBJC_WEAK = YES;
				CLANG_WARN_BLOCK_CAPTURE_AUTORELEASING = YES;
				CLANG_WARN_BOOL_CONVERSION = YES;
				CLANG_WARN_COMMA = YES;
				CLANG_WARN_CONSTANT_CONVERSION = YES;
				CLANG_WARN_DEPRECATED_OBJC_IMPLEMENTATIONS = YES;
				CLANG_WARN_DIRECT_OBJC_ISA_USAGE = YES_ERROR;
				CLANG_WARN_DOCUMENTATION_COMMENTS = YES;
				CLANG_WARN_EMPTY_BODY = YES;
				CLANG_WARN_ENUM_CONVERSION = YES;
				CLANG_WARN_INFINITE_RECURSION = YES;
				CLANG_WARN_INT_CONVERSION = YES;
				CLANG_WARN_NON_LITERAL_NULL_CONVERSION = YES;
				CLANG_WARN_OBJC_IMPLICIT_RETAIN_SELF = YES;
				CLANG_WARN_OBJC_LITERAL_CONVERSION = YES;
				CLANG_WARN_OBJC_ROOT_CLASS = YES_ERROR;
				CLANG_WARN_QUOTED_INCLUDE_IN_FRAMEWORK_HEADER = YES;
				CLANG_WARN_RANGE_LOOP_ANALYSIS = YES;
				CLANG_WARN_STRICT_PROTOTYPES = YES;
				CLANG_WARN_SUSPICIOUS_MOVE = YES;
				CLANG_WARN_UNGUARDED_AVAILABILITY = YES_AGGRESSIVE;
				CLANG_WARN_UNREACHABLE_CODE = YES;
				CLANG_WARN__DUPLICATE_METHOD_MATCH = YES;
				COPY_PHASE_STRIP = NO;
				DEBUG_INFORMATION_FORMAT = dwarf;
				ENABLE_STRICT_OBJC_MSGSEND = YES;
				ENABLE_TESTABILITY = YES;
				GCC_C_LANGUAGE_STANDARD = gnu11;
				GCC_DYNAMIC_NO_PIC = NO;
				GCC_NO_COMMON_BLOCKS = YES;
				GCC_OPTIMIZATION_LEVEL = 0;
				GCC_PREPROCESSOR_DEFINITIONS = (
					"DEBUG=1",
					"$(inherited)",
				);
				GCC_WARN_64_TO_32_BIT_CONVERSION = YES;
				GCC_WARN_ABOUT_RETURN_TYPE = YES_ERROR;
				GCC_WARN_UNDECLARED_SELECTOR = YES;
				GCC_WARN_UNINITIALIZED_AUTOS = YES_AGGRESSIVE;
				GCC_WARN_UNUSED_FUNCTION = YES;
				GCC_WARN_UNUSED_VARIABLE = YES;
				IPHONEOS_DEPLOYMENT_TARGET = 15.5;
				MTL_ENABLE_DEBUG_INFO = INCLUDE_SOURCE;
				MTL_FAST_MATH = YES;
				ONLY_ACTIVE_ARCH = YES;
				SDKROOT = iphoneos;
				SWIFT_ACTIVE_COMPILATION_CONDITIONS = DEBUG;
				SWIFT_OPTIMIZATION_LEVEL = "-Onone";
			};
			name = Debug;
		};
		B56C4FC1289BEEC8006344A9 /* Release */ = {
			isa = XCBuildConfiguration;
			buildSettings = {
				ALWAYS_SEARCH_USER_PATHS = NO;
				CLANG_ANALYZER_NONNULL = YES;
				CLANG_ANALYZER_NUMBER_OBJECT_CONVERSION = YES_AGGRESSIVE;
				CLANG_CXX_LANGUAGE_STANDARD = "gnu++17";
				CLANG_ENABLE_MODULES = YES;
				CLANG_ENABLE_OBJC_ARC = YES;
				CLANG_ENABLE_OBJC_WEAK = YES;
				CLANG_WARN_BLOCK_CAPTURE_AUTORELEASING = YES;
				CLANG_WARN_BOOL_CONVERSION = YES;
				CLANG_WARN_COMMA = YES;
				CLANG_WARN_CONSTANT_CONVERSION = YES;
				CLANG_WARN_DEPRECATED_OBJC_IMPLEMENTATIONS = YES;
				CLANG_WARN_DIRECT_OBJC_ISA_USAGE = YES_ERROR;
				CLANG_WARN_DOCUMENTATION_COMMENTS = YES;
				CLANG_WARN_EMPTY_BODY = YES;
				CLANG_WARN_ENUM_CONVERSION = YES;
				CLANG_WARN_INFINITE_RECURSION = YES;
				CLANG_WARN_INT_CONVERSION = YES;
				CLANG_WARN_NON_LITERAL_NULL_CONVERSION = YES;
				CLANG_WARN_OBJC_IMPLICIT_RETAIN_SELF = YES;
				CLANG_WARN_OBJC_LITERAL_CONVERSION = YES;
				CLANG_WARN_OBJC_ROOT_CLASS = YES_ERROR;
				CLANG_WARN_QUOTED_INCLUDE_IN_FRAMEWORK_HEADER = YES;
				CLANG_WARN_RANGE_LOOP_ANALYSIS = YES;
				CLANG_WARN_STRICT_PROTOTYPES = YES;
				CLANG_WARN_SUSPICIOUS_MOVE = YES;
				CLANG_WARN_UNGUARDED_AVAILABILITY = YES_AGGRESSIVE;
				CLANG_WARN_UNREACHABLE_CODE = YES;
				CLANG_WARN__DUPLICATE_METHOD_MATCH = YES;
				COPY_PHASE_STRIP = NO;
				DEBUG_INFORMATION_FORMAT = "dwarf-with-dsym";
				ENABLE_NS_ASSERTIONS = NO;
				ENABLE_STRICT_OBJC_MSGSEND = YES;
				GCC_C_LANGUAGE_STANDARD = gnu11;
				GCC_NO_COMMON_BLOCKS = YES;
				GCC_WARN_64_TO_32_BIT_CONVERSION = YES;
				GCC_WARN_ABOUT_RETURN_TYPE = YES_ERROR;
				GCC_WARN_UNDECLARED_SELECTOR = YES;
				GCC_WARN_UNINITIALIZED_AUTOS = YES_AGGRESSIVE;
				GCC_WARN_UNUSED_FUNCTION = YES;
				GCC_WARN_UNUSED_VARIABLE = YES;
				IPHONEOS_DEPLOYMENT_TARGET = 15.5;
				MTL_ENABLE_DEBUG_INFO = NO;
				MTL_FAST_MATH = YES;
				SDKROOT = iphoneos;
				SWIFT_COMPILATION_MODE = wholemodule;
				SWIFT_OPTIMIZATION_LEVEL = "-O";
				VALIDATE_PRODUCT = YES;
			};
			name = Release;
		};
		B56C4FC3289BEEC8006344A9 /* Debug */ = {
			isa = XCBuildConfiguration;
			baseConfigurationReference = 84361036699D4F95B1575452 /* Pods-TwitterSampleApp.debug.xcconfig */;
			buildSettings = {
				ASSETCATALOG_COMPILER_APPICON_NAME = AppIcon;
				ASSETCATALOG_COMPILER_GLOBAL_ACCENT_COLOR_NAME = AccentColor;
				CODE_SIGN_STYLE = Automatic;
				CURRENT_PROJECT_VERSION = 1;
				GENERATE_INFOPLIST_FILE = YES;
				INFOPLIST_FILE = TwitterSampleApp/Info.plist;
				INFOPLIST_KEY_UIApplicationSupportsIndirectInputEvents = YES;
				INFOPLIST_KEY_UILaunchStoryboardName = LaunchScreen;
				INFOPLIST_KEY_UIMainStoryboardFile = Main;
				INFOPLIST_KEY_UISupportedInterfaceOrientations_iPad = "UIInterfaceOrientationPortrait UIInterfaceOrientationPortraitUpsideDown UIInterfaceOrientationLandscapeLeft UIInterfaceOrientationLandscapeRight";
				INFOPLIST_KEY_UISupportedInterfaceOrientations_iPhone = "UIInterfaceOrientationPortrait UIInterfaceOrientationLandscapeLeft UIInterfaceOrientationLandscapeRight";
				LD_RUNPATH_SEARCH_PATHS = (
					"$(inherited)",
					"@executable_path/Frameworks",
				);
				MARKETING_VERSION = 1.0;
				PRODUCT_BUNDLE_IDENTIFIER = tobitomo.TwitterSampleApp;
				PRODUCT_NAME = "$(TARGET_NAME)";
				SWIFT_EMIT_LOC_STRINGS = YES;
				SWIFT_VERSION = 5.0;
				TARGETED_DEVICE_FAMILY = "1,2";
			};
			name = Debug;
		};
		B56C4FC4289BEEC8006344A9 /* Release */ = {
			isa = XCBuildConfiguration;
			baseConfigurationReference = FC0CF5F8705E14ED8ECDF8F2 /* Pods-TwitterSampleApp.release.xcconfig */;
			buildSettings = {
				ASSETCATALOG_COMPILER_APPICON_NAME = AppIcon;
				ASSETCATALOG_COMPILER_GLOBAL_ACCENT_COLOR_NAME = AccentColor;
				CODE_SIGN_STYLE = Automatic;
				CURRENT_PROJECT_VERSION = 1;
				GENERATE_INFOPLIST_FILE = YES;
				INFOPLIST_FILE = TwitterSampleApp/Info.plist;
				INFOPLIST_KEY_UIApplicationSupportsIndirectInputEvents = YES;
				INFOPLIST_KEY_UILaunchStoryboardName = LaunchScreen;
				INFOPLIST_KEY_UIMainStoryboardFile = Main;
				INFOPLIST_KEY_UISupportedInterfaceOrientations_iPad = "UIInterfaceOrientationPortrait UIInterfaceOrientationPortraitUpsideDown UIInterfaceOrientationLandscapeLeft UIInterfaceOrientationLandscapeRight";
				INFOPLIST_KEY_UISupportedInterfaceOrientations_iPhone = "UIInterfaceOrientationPortrait UIInterfaceOrientationLandscapeLeft UIInterfaceOrientationLandscapeRight";
				LD_RUNPATH_SEARCH_PATHS = (
					"$(inherited)",
					"@executable_path/Frameworks",
				);
				MARKETING_VERSION = 1.0;
				PRODUCT_BUNDLE_IDENTIFIER = tobitomo.TwitterSampleApp;
				PRODUCT_NAME = "$(TARGET_NAME)";
				SWIFT_EMIT_LOC_STRINGS = YES;
				SWIFT_VERSION = 5.0;
				TARGETED_DEVICE_FAMILY = "1,2";
			};
			name = Release;
		};
		B56C4FC6289BEEC8006344A9 /* Debug */ = {
			isa = XCBuildConfiguration;
			baseConfigurationReference = FCB07A7AD77B30FC665806D1 /* Pods-TwitterSampleAppTests.debug.xcconfig */;
			buildSettings = {
				ALWAYS_EMBED_SWIFT_STANDARD_LIBRARIES = YES;
				BUNDLE_LOADER = "$(TEST_HOST)";
				CODE_SIGN_STYLE = Automatic;
				CURRENT_PROJECT_VERSION = 1;
				GENERATE_INFOPLIST_FILE = YES;
				IPHONEOS_DEPLOYMENT_TARGET = 15.5;
				MARKETING_VERSION = 1.0;
				PRODUCT_BUNDLE_IDENTIFIER = tobitomo.TwitterSampleAppTests;
				PRODUCT_NAME = "$(TARGET_NAME)";
				SWIFT_EMIT_LOC_STRINGS = NO;
				SWIFT_VERSION = 5.0;
				TARGETED_DEVICE_FAMILY = "1,2";
				TEST_HOST = "$(BUILT_PRODUCTS_DIR)/TwitterSampleApp.app/TwitterSampleApp";
			};
			name = Debug;
		};
		B56C4FC7289BEEC8006344A9 /* Release */ = {
			isa = XCBuildConfiguration;
			baseConfigurationReference = D4E4A5D97BA5BCCAF69ED481 /* Pods-TwitterSampleAppTests.release.xcconfig */;
			buildSettings = {
				ALWAYS_EMBED_SWIFT_STANDARD_LIBRARIES = YES;
				BUNDLE_LOADER = "$(TEST_HOST)";
				CODE_SIGN_STYLE = Automatic;
				CURRENT_PROJECT_VERSION = 1;
				GENERATE_INFOPLIST_FILE = YES;
				IPHONEOS_DEPLOYMENT_TARGET = 15.5;
				MARKETING_VERSION = 1.0;
				PRODUCT_BUNDLE_IDENTIFIER = tobitomo.TwitterSampleAppTests;
				PRODUCT_NAME = "$(TARGET_NAME)";
				SWIFT_EMIT_LOC_STRINGS = NO;
				SWIFT_VERSION = 5.0;
				TARGETED_DEVICE_FAMILY = "1,2";
				TEST_HOST = "$(BUILT_PRODUCTS_DIR)/TwitterSampleApp.app/TwitterSampleApp";
			};
			name = Release;
		};
		B56C4FC9289BEEC8006344A9 /* Debug */ = {
			isa = XCBuildConfiguration;
			baseConfigurationReference = C591801F7E1E9B11F50D7A48 /* Pods-TwitterSampleApp-TwitterSampleAppUITests.debug.xcconfig */;
			buildSettings = {
				ALWAYS_EMBED_SWIFT_STANDARD_LIBRARIES = YES;
				CODE_SIGN_STYLE = Automatic;
				CURRENT_PROJECT_VERSION = 1;
				GENERATE_INFOPLIST_FILE = YES;
				MARKETING_VERSION = 1.0;
				PRODUCT_BUNDLE_IDENTIFIER = tobitomo.TwitterSampleAppUITests;
				PRODUCT_NAME = "$(TARGET_NAME)";
				SWIFT_EMIT_LOC_STRINGS = NO;
				SWIFT_VERSION = 5.0;
				TARGETED_DEVICE_FAMILY = "1,2";
				TEST_TARGET_NAME = TwitterSampleApp;
			};
			name = Debug;
		};
		B56C4FCA289BEEC8006344A9 /* Release */ = {
			isa = XCBuildConfiguration;
			baseConfigurationReference = 6A15191985C72BB1C956DDA8 /* Pods-TwitterSampleApp-TwitterSampleAppUITests.release.xcconfig */;
			buildSettings = {
				ALWAYS_EMBED_SWIFT_STANDARD_LIBRARIES = YES;
				CODE_SIGN_STYLE = Automatic;
				CURRENT_PROJECT_VERSION = 1;
				GENERATE_INFOPLIST_FILE = YES;
				MARKETING_VERSION = 1.0;
				PRODUCT_BUNDLE_IDENTIFIER = tobitomo.TwitterSampleAppUITests;
				PRODUCT_NAME = "$(TARGET_NAME)";
				SWIFT_EMIT_LOC_STRINGS = NO;
				SWIFT_VERSION = 5.0;
				TARGETED_DEVICE_FAMILY = "1,2";
				TEST_TARGET_NAME = TwitterSampleApp;
			};
			name = Release;
		};
/* End XCBuildConfiguration section */

/* Begin XCConfigurationList section */
		B56C4F93289BEEC6006344A9 /* Build configuration list for PBXProject "TwitterSampleApp" */ = {
			isa = XCConfigurationList;
			buildConfigurations = (
				B56C4FC0289BEEC8006344A9 /* Debug */,
				B56C4FC1289BEEC8006344A9 /* Release */,
			);
			defaultConfigurationIsVisible = 0;
			defaultConfigurationName = Release;
		};
		B56C4FC2289BEEC8006344A9 /* Build configuration list for PBXNativeTarget "TwitterSampleApp" */ = {
			isa = XCConfigurationList;
			buildConfigurations = (
				B56C4FC3289BEEC8006344A9 /* Debug */,
				B56C4FC4289BEEC8006344A9 /* Release */,
			);
			defaultConfigurationIsVisible = 0;
			defaultConfigurationName = Release;
		};
		B56C4FC5289BEEC8006344A9 /* Build configuration list for PBXNativeTarget "TwitterSampleAppTests" */ = {
			isa = XCConfigurationList;
			buildConfigurations = (
				B56C4FC6289BEEC8006344A9 /* Debug */,
				B56C4FC7289BEEC8006344A9 /* Release */,
			);
			defaultConfigurationIsVisible = 0;
			defaultConfigurationName = Release;
		};
		B56C4FC8289BEEC8006344A9 /* Build configuration list for PBXNativeTarget "TwitterSampleAppUITests" */ = {
			isa = XCConfigurationList;
			buildConfigurations = (
				B56C4FC9289BEEC8006344A9 /* Debug */,
				B56C4FCA289BEEC8006344A9 /* Release */,
			);
			defaultConfigurationIsVisible = 0;
			defaultConfigurationName = Release;
		};
/* End XCConfigurationList section */
	};
	rootObject = B56C4F90289BEEC6006344A9 /* Project object */;
}
